
Microsoft Visual Studio Solution File, Format Version 12.00
# Visual Studio 15
VisualStudioVersion = 15.0.27703.2035
MinimumVisualStudioVersion = 10.0.40219.1
Project("{262852C6-CD72-467D-83FE-5EEB1973A190}") = "HelloWorldIonic", "HelloWorldIonic\HelloWorldIonic.jsproj", "{EAE0663C-B1BA-429C-9DF6-FD4431E437C4}"
EndProject
Global
	GlobalSection(SolutionConfigurationPlatforms) = preSolution
		Debug|Android = Debug|Android
		Debug|iOS = Debug|iOS
		Debug|Windows-ARM = Debug|Windows-ARM
		Debug|Windows-x64 = Debug|Windows-x64
		Debug|Windows-x86 = Debug|Windows-x86
		Release|Android = Release|Android
		Release|iOS = Release|iOS
		Release|Windows-ARM = Release|Windows-ARM
		Release|Windows-x64 = Release|Windows-x64
		Release|Windows-x86 = Release|Windows-x86
	EndGlobalSection
	GlobalSection(ProjectConfigurationPlatforms) = postSolution
		{EAE0663C-B1BA-429C-9DF6-FD4431E437C4}.Debug|Android.ActiveCfg = Debug|Android
		{EAE0663C-B1BA-429C-9DF6-FD4431E437C4}.Debug|Android.Build.0 = Debug|Android
		{EAE0663C-B1BA-429C-9DF6-FD4431E437C4}.Debug|Android.Deploy.0 = Debug|Android
		{EAE0663C-B1BA-429C-9DF6-FD4431E437C4}.Debug|iOS.ActiveCfg = Debug|iOS
		{EAE0663C-B1BA-429C-9DF6-FD4431E437C4}.Debug|iOS.Build.0 = Debug|iOS
		{EAE0663C-B1BA-429C-9DF6-FD4431E437C4}.Debug|iOS.Deploy.0 = Debug|iOS
		{EAE0663C-B1BA-429C-9DF6-FD4431E437C4}.Debug|Windows-ARM.ActiveCfg = Debug|Windows-ARM
		{EAE0663C-B1BA-429C-9DF6-FD4431E437C4}.Debug|Windows-ARM.Build.0 = Debug|Windows-ARM
		{EAE0663C-B1BA-429C-9DF6-FD4431E437C4}.Debug|Windows-ARM.Deploy.0 = Debug|Windows-ARM
		{EAE0663C-B1BA-429C-9DF6-FD4431E437C4}.Debug|Windows-x64.ActiveCfg = Debug|Windows-x64
		{EAE0663C-B1BA-429C-9DF6-FD4431E437C4}.Debug|Windows-x64.Build.0 = Debug|Windows-x64
		{EAE0663C-B1BA-429C-9DF6-FD4431E437C4}.Debug|Windows-x64.Deploy.0 = Debug|Windows-x64
		{EAE0663C-B1BA-429C-9DF6-FD4431E437C4}.Debug|Windows-x86.ActiveCfg = Debug|Windows-x86
		{EAE0663C-B1BA-429C-9DF6-FD4431E437C4}.Debug|Windows-x86.Build.0 = Debug|Windows-x86
		{EAE0663C-B1BA-429C-9DF6-FD4431E437C4}.Debug|Windows-x86.Deploy.0 = Debug|Windows-x86
		{EAE0663C-B1BA-429C-9DF6-FD4431E437C4}.Release|Android.ActiveCfg = Release|Android
		{EAE0663C-B1BA-429C-9DF6-FD4431E437C4}.Release|Android.Build.0 = Release|Android
		{EAE0663C-B1BA-429C-9DF6-FD4431E437C4}.Release|Android.Deploy.0 = Release|Android
		{EAE0663C-B1BA-429C-9DF6-FD4431E437C4}.Release|iOS.ActiveCfg = Release|iOS
		{EAE0663C-B1BA-429C-9DF6-FD4431E437C4}.Release|iOS.Build.0 = Release|iOS
		{EAE0663C-B1BA-429C-9DF6-FD4431E437C4}.Release|iOS.Deploy.0 = Release|iOS
		{EAE0663C-B1BA-429C-9DF6-FD4431E437C4}.Release|Windows-ARM.ActiveCfg = Release|Windows-ARM
		{EAE0663C-B1BA-429C-9DF6-FD4431E437C4}.Release|Windows-ARM.Build.0 = Release|Windows-ARM
		{EAE0663C-B1BA-429C-9DF6-FD4431E437C4}.Release|Windows-ARM.Deploy.0 = Release|Windows-ARM
		{EAE0663C-B1BA-429C-9DF6-FD4431E437C4}.Release|Windows-x64.ActiveCfg = Release|Windows-x64
		{EAE0663C-B1BA-429C-9DF6-FD4431E437C4}.Release|Windows-x64.Build.0 = Release|Windows-x64
		{EAE0663C-B1BA-429C-9DF6-FD4431E437C4}.Release|Windows-x64.Deploy.0 = Release|Windows-x64
		{EAE0663C-B1BA-429C-9DF6-FD4431E437C4}.Release|Windows-x86.ActiveCfg = Release|Windows-x86
		{EAE0663C-B1BA-429C-9DF6-FD4431E437C4}.Release|Windows-x86.Build.0 = Release|Windows-x86
		{EAE0663C-B1BA-429C-9DF6-FD4431E437C4}.Release|Windows-x86.Deploy.0 = Release|Windows-x86
	EndGlobalSection
	GlobalSection(SolutionProperties) = preSolution
		HideSolutionNode = FALSE
	EndGlobalSection
	GlobalSection(ExtensibilityGlobals) = postSolution
		SolutionGuid = {AB6B88B9-738E-478A-B3C5-3DC27EAAB03D}
	EndGlobalSection
EndGlobal
